
Microsoft Visual Studio Solution File, Format Version 12.00
# Visual Studio Version 17
VisualStudioVersion = 17.10.35122.118
MinimumVisualStudioVersion = 10.0.40219.1
Project("{FAE04EC0-301F-11D3-BF4B-00C04F79EFBC}") = "WebApp", "WebApp\WebApp.csproj", "{01BA7AA0-3A25-40BB-B124-76A47CB51489}"
EndProject
Global
	GlobalSection(SolutionConfigurationPlatforms) = preSolution
		Debug|Any CPU = Debug|Any CPU
		Release|Any CPU = Release|Any CPU
	EndGlobalSection
	GlobalSection(ProjectConfigurationPlatforms) = postSolution
		{01BA7AA0-3A25-40BB-B124-76A47CB51489}.Debug|Any CPU.ActiveCfg = Debug|Any CPU
		{01BA7AA0-3A25-40BB-B124-76A47CB51489}.Debug|Any CPU.Build.0 = Debug|Any CPU
		{01BA7AA0-3A25-40BB-B124-76A47CB51489}.Release|Any CPU.ActiveCfg = Release|Any CPU
		{01BA7AA0-3A25-40BB-B124-76A47CB51489}.Release|Any CPU.Build.0 = Release|Any CPU
	EndGlobalSection
	GlobalSection(SolutionProperties) = preSolution
		HideSolutionNode = FALSE
	EndGlobalSection
	GlobalSection(ExtensibilityGlobals) = postSolution
		SolutionGuid = {61CB581E-1C04-4BA0-8DE8-2CDA466CA29C}
	EndGlobalSection
EndGlobal
